
Microsoft Visual Studio Solution File, Format Version 12.00
# Visual Studio Version 17
VisualStudioVersion = 17.0.31919.166
MinimumVisualStudioVersion = 10.0.40219.1
Project("{9A19103F-16F7-4668-BE54-9A1E7A4F7556}") = "GQLClient", "GQLClient.csproj", "{658F7ADA-542E-403D-A425-20B8E2A40C03}"
EndProject
Global
	GlobalSection(SolutionConfigurationPlatforms) = preSolution
		Debug|Any CPU = Debug|Any CPU
		Release|Any CPU = Release|Any CPU
	EndGlobalSection
	GlobalSection(ProjectConfigurationPlatforms) = postSolution
		{658F7ADA-542E-403D-A425-20B8E2A40C03}.Debug|Any CPU.ActiveCfg = Debug|Any CPU
		{658F7ADA-542E-403D-A425-20B8E2A40C03}.Debug|Any CPU.Build.0 = Debug|Any CPU
		{658F7ADA-542E-403D-A425-20B8E2A40C03}.Release|Any CPU.ActiveCfg = Release|Any CPU
		{658F7ADA-542E-403D-A425-20B8E2A40C03}.Release|Any CPU.Build.0 = Release|Any CPU
	EndGlobalSection
	GlobalSection(SolutionProperties) = preSolution
		HideSolutionNode = FALSE
	EndGlobalSection
	GlobalSection(ExtensibilityGlobals) = postSolution
		SolutionGuid = {277A6AD6-A2A2-4D93-802E-E8CF1A5F695E}
	EndGlobalSection
EndGlobal
